
Microsoft Visual Studio Solution File, Format Version 12.00
# Visual Studio Version 17
VisualStudioVersion = 17.1.32228.430
MinimumVisualStudioVersion = 10.0.40219.1
Project("{FAE04EC0-301F-11D3-BF4B-00C04F79EFBC}") = "HotelListing", "HotelListing\HotelListing.csproj", "{80DCCDEE-061A-414E-8D96-23960582951E}"
EndProject
Global
	GlobalSection(SolutionConfigurationPlatforms) = preSolution
		Debug|Any CPU = Debug|Any CPU
		Release|Any CPU = Release|Any CPU
	EndGlobalSection
	GlobalSection(ProjectConfigurationPlatforms) = postSolution
		{80DCCDEE-061A-414E-8D96-23960582951E}.Debug|Any CPU.ActiveCfg = Debug|Any CPU
		{80DCCDEE-061A-414E-8D96-23960582951E}.Debug|Any CPU.Build.0 = Debug|Any CPU
		{80DCCDEE-061A-414E-8D96-23960582951E}.Release|Any CPU.ActiveCfg = Release|Any CPU
		{80DCCDEE-061A-414E-8D96-23960582951E}.Release|Any CPU.Build.0 = Release|Any CPU
	EndGlobalSection
	GlobalSection(SolutionProperties) = preSolution
		HideSolutionNode = FALSE
	EndGlobalSection
	GlobalSection(ExtensibilityGlobals) = postSolution
		SolutionGuid = {BE77695B-D18D-4D96-BD30-5A0A66ECE985}
	EndGlobalSection
EndGlobal
